
Microsoft Visual Studio Solution File, Format Version 12.00
# Visual Studio Version 17
VisualStudioVersion = 17.2.32516.85
MinimumVisualStudioVersion = 10.0.40219.1
Project("{FAE04EC0-301F-11D3-BF4B-00C04F79EFBC}") = "addressbook", "addressbook.csproj", "{0F944509-F0FC-4633-897B-D907F77CC1B4}"
EndProject
Global
	GlobalSection(SolutionConfigurationPlatforms) = preSolution
		Debug|Any CPU = Debug|Any CPU
		Release|Any CPU = Release|Any CPU
	EndGlobalSection
	GlobalSection(ProjectConfigurationPlatforms) = postSolution
		{0F944509-F0FC-4633-897B-D907F77CC1B4}.Debug|Any CPU.ActiveCfg = Debug|Any CPU
		{0F944509-F0FC-4633-897B-D907F77CC1B4}.Debug|Any CPU.Build.0 = Debug|Any CPU
		{0F944509-F0FC-4633-897B-D907F77CC1B4}.Release|Any CPU.ActiveCfg = Release|Any CPU
		{0F944509-F0FC-4633-897B-D907F77CC1B4}.Release|Any CPU.Build.0 = Release|Any CPU
	EndGlobalSection
	GlobalSection(SolutionProperties) = preSolution
		HideSolutionNode = FALSE
	EndGlobalSection
	GlobalSection(ExtensibilityGlobals) = postSolution
		SolutionGuid = {0C5BD29A-54BA-4E25-9E66-82709E4D0559}
	EndGlobalSection
EndGlobal
